// !$*UTF8*$!
{
	archiveVersion = 1;
	classes = {
	};
	objectVersion = 51;
	objects = {

/* Begin PBXBuildFile section */
		531C999A28B4EDC00039C9A0 /* CustomButton.swift in Sources */ = {isa = PBXBuildFile; fileRef = 531C999928B4EDC00039C9A0 /* CustomButton.swift */; };
		5339A99128BE20D80079DD3D /* Localizable.strings in Resources */ = {isa = PBXBuildFile; fileRef = 5339A99328BE20D80079DD3D /* Localizable.strings */; };
		5339A99E28BE24A90079DD3D /* Cart.storyboard in Resources */ = {isa = PBXBuildFile; fileRef = 5339A9A028BE24A90079DD3D /* Cart.storyboard */; };
		5339A9C128BE322A0079DD3D /* MainScreenCellDelegateProtocol.swift in Sources */ = {isa = PBXBuildFile; fileRef = 5339A9C028BE322A0079DD3D /* MainScreenCellDelegateProtocol.swift */; };
		533D1D0928B8ECBF00217919 /* MenuData.swift in Sources */ = {isa = PBXBuildFile; fileRef = 533D1D0828B8ECBF00217919 /* MenuData.swift */; };
		533D44E528C0CC4500AF6619 /* UserProfileTableViewCell.swift in Sources */ = {isa = PBXBuildFile; fileRef = 533D44E428C0CC4500AF6619 /* UserProfileTableViewCell.swift */; };
		533FEB1228C215BA00FE88FC /* UserProfileStringExtensions.swift in Sources */ = {isa = PBXBuildFile; fileRef = 533FEB1128C215BA00FE88FC /* UserProfileStringExtensions.swift */; };
		5340FEDD28BF7AF4001F967D /* ParseKeys.swift in Sources */ = {isa = PBXBuildFile; fileRef = 5340FEDC28BF7AF4001F967D /* ParseKeys.swift */; };
		5340FEE128BF7E0A001F967D /* ParseUserData.swift in Sources */ = {isa = PBXBuildFile; fileRef = 5340FEE028BF7E0A001F967D /* ParseUserData.swift */; };
		5340FEF628BFA4C9001F967D /* UserProfileViewController.swift in Sources */ = {isa = PBXBuildFile; fileRef = 5340FEF528BFA4C9001F967D /* UserProfileViewController.swift */; };
		5340FEF928BFC5D4001F967D /* ProfileScreen.storyboard in Resources */ = {isa = PBXBuildFile; fileRef = 5340FEFB28BFC5D4001F967D /* ProfileScreen.storyboard */; };
		5344CE1C28B64F200079C8F7 /* MainScreenCollectionViewCell.swift in Sources */ = {isa = PBXBuildFile; fileRef = 5344CE1B28B64F200079C8F7 /* MainScreenCollectionViewCell.swift */; };
		5347F56528B786CB00995448 /* MenuRealmModel.swift in Sources */ = {isa = PBXBuildFile; fileRef = 5347F56428B786CB00995448 /* MenuRealmModel.swift */; };
		5347F57128B79EE500995448 /* CartViewController.swift in Sources */ = {isa = PBXBuildFile; fileRef = 5347F57028B79EE500995448 /* CartViewController.swift */; };
		5347F57728B7B8FA00995448 /* CartTableViewCell.swift in Sources */ = {isa = PBXBuildFile; fileRef = 5347F57628B7B8FA00995448 /* CartTableViewCell.swift */; };
		534CBD6B28BCDEBA001D1004 /* CartCellDelegateProtocol.swift in Sources */ = {isa = PBXBuildFile; fileRef = 534CBD6A28BCDEBA001D1004 /* CartCellDelegateProtocol.swift */; };
		53D99D84289ABD6D002755A4 /* AppDelegate.swift in Sources */ = {isa = PBXBuildFile; fileRef = 53D99D83289ABD6D002755A4 /* AppDelegate.swift */; };
		53D99D86289ABD6D002755A4 /* SceneDelegate.swift in Sources */ = {isa = PBXBuildFile; fileRef = 53D99D85289ABD6D002755A4 /* SceneDelegate.swift */; };
		53D99D88289ABD6D002755A4 /* MainScreenController.swift in Sources */ = {isa = PBXBuildFile; fileRef = 53D99D87289ABD6D002755A4 /* MainScreenController.swift */; };
		53D99D8B289ABD6D002755A4 /* MainScreen.storyboard in Resources */ = {isa = PBXBuildFile; fileRef = 53D99D89289ABD6D002755A4 /* MainScreen.storyboard */; };
		53D99D8D289ABD6F002755A4 /* Assets.xcassets in Resources */ = {isa = PBXBuildFile; fileRef = 53D99D8C289ABD6F002755A4 /* Assets.xcassets */; };
		53D99D90289ABD6F002755A4 /* LaunchScreen.storyboard in Resources */ = {isa = PBXBuildFile; fileRef = 53D99D8E289ABD6F002755A4 /* LaunchScreen.storyboard */; };
		53E9ED2528BE4B3F0028EEAA /* MainModalInfoViewController.swift in Sources */ = {isa = PBXBuildFile; fileRef = 53E9ED2428BE4B3F0028EEAA /* MainModalInfoViewController.swift */; };
		53E9ED3028BE653E0028EEAA /* MainAlerts.swift in Sources */ = {isa = PBXBuildFile; fileRef = 53E9ED2F28BE653E0028EEAA /* MainAlerts.swift */; };
		6B46694E67E2E404B3BC0D74 /* Pods_Final_Project_by_Uladzslau_Kohan.framework in Frameworks */ = {isa = PBXBuildFile; fileRef = 540ABA2FF314FEF7079C652F /* Pods_Final_Project_by_Uladzslau_Kohan.framework */; };
/* End PBXBuildFile section */

/* Begin PBXFileReference section */
		531C999928B4EDC00039C9A0 /* CustomButton.swift */ = {isa = PBXFileReference; lastKnownFileType = sourcecode.swift; path = CustomButton.swift; sourceTree = "<group>"; };
		5339A98B28BE208C0079DD3D /* ru */ = {isa = PBXFileReference; lastKnownFileType = text.plist.strings; name = ru; path = ru.lproj/LaunchScreen.strings; sourceTree = "<group>"; };
		5339A98C28BE208D0079DD3D /* ru */ = {isa = PBXFileReference; lastKnownFileType = text.plist.strings; name = ru; path = ru.lproj/MainScreen.strings; sourceTree = "<group>"; };
		5339A99228BE20D80079DD3D /* ru */ = {isa = PBXFileReference; lastKnownFileType = text.plist.strings; name = ru; path = ru.lproj/Localizable.strings; sourceTree = "<group>"; };
		5339A99428BE20DC0079DD3D /* en */ = {isa = PBXFileReference; lastKnownFileType = text.plist.strings; name = en; path = en.lproj/Localizable.strings; sourceTree = "<group>"; };
		5339A99F28BE24A90079DD3D /* Base */ = {isa = PBXFileReference; lastKnownFileType = file.storyboard; name = Base; path = Base.lproj/Cart.storyboard; sourceTree = "<group>"; };
		5339A9A228BE24B30079DD3D /* en */ = {isa = PBXFileReference; lastKnownFileType = text.plist.strings; name = en; path = en.lproj/Cart.strings; sourceTree = "<group>"; };
		5339A9A428BE24E60079DD3D /* ru */ = {isa = PBXFileReference; lastKnownFileType = text.plist.strings; name = ru; path = ru.lproj/Cart.strings; sourceTree = "<group>"; };
		5339A9C028BE322A0079DD3D /* MainScreenCellDelegateProtocol.swift */ = {isa = PBXFileReference; lastKnownFileType = sourcecode.swift; path = MainScreenCellDelegateProtocol.swift; sourceTree = "<group>"; };
		533D1D0828B8ECBF00217919 /* MenuData.swift */ = {isa = PBXFileReference; lastKnownFileType = sourcecode.swift; path = MenuData.swift; sourceTree = "<group>"; };
		533D44E428C0CC4500AF6619 /* UserProfileTableViewCell.swift */ = {isa = PBXFileReference; lastKnownFileType = sourcecode.swift; path = UserProfileTableViewCell.swift; sourceTree = "<group>"; };
		533FEB1128C215BA00FE88FC /* UserProfileStringExtensions.swift */ = {isa = PBXFileReference; lastKnownFileType = sourcecode.swift; path = UserProfileStringExtensions.swift; sourceTree = "<group>"; };
		5340FEDC28BF7AF4001F967D /* ParseKeys.swift */ = {isa = PBXFileReference; lastKnownFileType = sourcecode.swift; path = ParseKeys.swift; sourceTree = "<group>"; };
		5340FEE028BF7E0A001F967D /* ParseUserData.swift */ = {isa = PBXFileReference; lastKnownFileType = sourcecode.swift; path = ParseUserData.swift; sourceTree = "<group>"; };
		5340FEF528BFA4C9001F967D /* UserProfileViewController.swift */ = {isa = PBXFileReference; lastKnownFileType = sourcecode.swift; path = UserProfileViewController.swift; sourceTree = "<group>"; };
		5340FEFA28BFC5D4001F967D /* Base */ = {isa = PBXFileReference; lastKnownFileType = file.storyboard; name = Base; path = Base.lproj/ProfileScreen.storyboard; sourceTree = "<group>"; };
		5340FEFD28BFC5DA001F967D /* en */ = {isa = PBXFileReference; lastKnownFileType = text.plist.strings; name = en; path = en.lproj/ProfileScreen.strings; sourceTree = "<group>"; };
		5340FEFF28BFC60A001F967D /* ru */ = {isa = PBXFileReference; lastKnownFileType = text.plist.strings; name = ru; path = ru.lproj/ProfileScreen.strings; sourceTree = "<group>"; };
		5344CE1B28B64F200079C8F7 /* MainScreenCollectionViewCell.swift */ = {isa = PBXFileReference; lastKnownFileType = sourcecode.swift; path = MainScreenCollectionViewCell.swift; sourceTree = "<group>"; };
		5347F56428B786CB00995448 /* MenuRealmModel.swift */ = {isa = PBXFileReference; lastKnownFileType = sourcecode.swift; path = MenuRealmModel.swift; sourceTree = "<group>"; };
		5347F57028B79EE500995448 /* CartViewController.swift */ = {isa = PBXFileReference; lastKnownFileType = sourcecode.swift; path = CartViewController.swift; sourceTree = "<group>"; };
		5347F57628B7B8FA00995448 /* CartTableViewCell.swift */ = {isa = PBXFileReference; lastKnownFileType = sourcecode.swift; path = CartTableViewCell.swift; sourceTree = "<group>"; };
		534CBD6A28BCDEBA001D1004 /* CartCellDelegateProtocol.swift */ = {isa = PBXFileReference; lastKnownFileType = sourcecode.swift; path = CartCellDelegateProtocol.swift; sourceTree = "<group>"; };
		53D99D80289ABD6D002755A4 /* Final-Project-by-Uladzslau-Kohan.app */ = {isa = PBXFileReference; explicitFileType = wrapper.application; includeInIndex = 0; path = "Final-Project-by-Uladzslau-Kohan.app"; sourceTree = BUILT_PRODUCTS_DIR; };
		53D99D83289ABD6D002755A4 /* AppDelegate.swift */ = {isa = PBXFileReference; lastKnownFileType = sourcecode.swift; path = AppDelegate.swift; sourceTree = "<group>"; };
		53D99D85289ABD6D002755A4 /* SceneDelegate.swift */ = {isa = PBXFileReference; lastKnownFileType = sourcecode.swift; path = SceneDelegate.swift; sourceTree = "<group>"; };
		53D99D87289ABD6D002755A4 /* MainScreenController.swift */ = {isa = PBXFileReference; lastKnownFileType = sourcecode.swift; path = MainScreenController.swift; sourceTree = "<group>"; };
		53D99D8A289ABD6D002755A4 /* Base */ = {isa = PBXFileReference; lastKnownFileType = file.storyboard; name = Base; path = Base.lproj/MainScreen.storyboard; sourceTree = "<group>"; };
		53D99D8C289ABD6F002755A4 /* Assets.xcassets */ = {isa = PBXFileReference; lastKnownFileType = folder.assetcatalog; path = Assets.xcassets; sourceTree = "<group>"; };
		53D99D8F289ABD6F002755A4 /* Base */ = {isa = PBXFileReference; lastKnownFileType = file.storyboard; name = Base; path = Base.lproj/LaunchScreen.storyboard; sourceTree = "<group>"; };
		53D99D91289ABD6F002755A4 /* Info.plist */ = {isa = PBXFileReference; lastKnownFileType = text.plist.xml; path = Info.plist; sourceTree = "<group>"; };
		53E9ED2428BE4B3F0028EEAA /* MainModalInfoViewController.swift */ = {isa = PBXFileReference; lastKnownFileType = sourcecode.swift; path = MainModalInfoViewController.swift; sourceTree = "<group>"; };
		53E9ED2F28BE653E0028EEAA /* MainAlerts.swift */ = {isa = PBXFileReference; lastKnownFileType = sourcecode.swift; path = MainAlerts.swift; sourceTree = "<group>"; };
		540ABA2FF314FEF7079C652F /* Pods_Final_Project_by_Uladzslau_Kohan.framework */ = {isa = PBXFileReference; explicitFileType = wrapper.framework; includeInIndex = 0; path = Pods_Final_Project_by_Uladzslau_Kohan.framework; sourceTree = BUILT_PRODUCTS_DIR; };
		6CF685E048CBF5C7B2BDC39E /* Pods-Final-Project-by-Uladzslau-Kohan.release.xcconfig */ = {isa = PBXFileReference; includeInIndex = 1; lastKnownFileType = text.xcconfig; name = "Pods-Final-Project-by-Uladzslau-Kohan.release.xcconfig"; path = "Target Support Files/Pods-Final-Project-by-Uladzslau-Kohan/Pods-Final-Project-by-Uladzslau-Kohan.release.xcconfig"; sourceTree = "<group>"; };
		8B4FD4E0D730AA577B92BD60 /* Pods-Final-Project-by-Uladzslau-Kohan.debug.xcconfig */ = {isa = PBXFileReference; includeInIndex = 1; lastKnownFileType = text.xcconfig; name = "Pods-Final-Project-by-Uladzslau-Kohan.debug.xcconfig"; path = "Target Support Files/Pods-Final-Project-by-Uladzslau-Kohan/Pods-Final-Project-by-Uladzslau-Kohan.debug.xcconfig"; sourceTree = "<group>"; };
/* End PBXFileReference section */

/* Begin PBXFrameworksBuildPhase section */
		53D99D7D289ABD6D002755A4 /* Frameworks */ = {
			isa = PBXFrameworksBuildPhase;
			buildActionMask = 2147483647;
			files = (
				6B46694E67E2E404B3BC0D74 /* Pods_Final_Project_by_Uladzslau_Kohan.framework in Frameworks */,
			);
			runOnlyForDeploymentPostprocessing = 0;
		};
/* End PBXFrameworksBuildPhase section */

/* Begin PBXGroup section */
		0097CAF1E724AD83CC867995 /* Pods */ = {
			isa = PBXGroup;
			children = (
				8B4FD4E0D730AA577B92BD60 /* Pods-Final-Project-by-Uladzslau-Kohan.debug.xcconfig */,
				6CF685E048CBF5C7B2BDC39E /* Pods-Final-Project-by-Uladzslau-Kohan.release.xcconfig */,
			);
			path = Pods;
			sourceTree = "<group>";
		};
		533630AB28AE766500DB692C /* Application */ = {
			isa = PBXGroup;
			children = (
				533630AE28AE768200DB692C /* Model */,
				533630AD28AE767800DB692C /* View */,
				533630AC28AE767000DB692C /* Controller */,
			);
			path = Application;
			sourceTree = "<group>";
		};
		533630AC28AE767000DB692C /* Controller */ = {
			isa = PBXGroup;
			children = (
				53D99D83289ABD6D002755A4 /* AppDelegate.swift */,
				53D99D85289ABD6D002755A4 /* SceneDelegate.swift */,
			);
			path = Controller;
			sourceTree = "<group>";
		};
		533630AD28AE767800DB692C /* View */ = {
			isa = PBXGroup;
			children = (
				531C999928B4EDC00039C9A0 /* CustomButton.swift */,
				53D99D8E289ABD6F002755A4 /* LaunchScreen.storyboard */,
			);
			path = View;
			sourceTree = "<group>";
		};
		533630AE28AE768200DB692C /* Model */ = {
			isa = PBXGroup;
			children = (
				5340FEDC28BF7AF4001F967D /* ParseKeys.swift */,
			);
			path = Model;
			sourceTree = "<group>";
		};
		533630AF28AE76A100DB692C /* Supporting Files */ = {
			isa = PBXGroup;
			children = (
				53D99D8C289ABD6F002755A4 /* Assets.xcassets */,
				53D99D91289ABD6F002755A4 /* Info.plist */,
				5339A99328BE20D80079DD3D /* Localizable.strings */,
			);
			path = "Supporting Files";
			sourceTree = "<group>";
		};
		533630B428AE7F0400DB692C /* Screens */ = {
			isa = PBXGroup;
			children = (
				5340FEEE28BFA3DA001F967D /* UserProfile */,
				5347F56728B79BCD00995448 /* Cart */,
				533630B528AE7F2D00DB692C /* MainScreen */,
			);
			path = Screens;
			sourceTree = "<group>";
		};
		533630B528AE7F2D00DB692C /* MainScreen */ = {
			isa = PBXGroup;
			children = (
				533630B828AE7F4700DB692C /* Model */,
				533630B728AE7F4000DB692C /* View */,
				533630B628AE7F3900DB692C /* Controller */,
			);
			path = MainScreen;
			sourceTree = "<group>";
		};
		533630B628AE7F3900DB692C /* Controller */ = {
			isa = PBXGroup;
			children = (
				5344CE1B28B64F200079C8F7 /* MainScreenCollectionViewCell.swift */,
				53E9ED2F28BE653E0028EEAA /* MainAlerts.swift */,
				53D99D87289ABD6D002755A4 /* MainScreenController.swift */,
				53E9ED2428BE4B3F0028EEAA /* MainModalInfoViewController.swift */,
				5339A9C028BE322A0079DD3D /* MainScreenCellDelegateProtocol.swift */,
			);
			path = Controller;
			sourceTree = "<group>";
		};
		533630B728AE7F4000DB692C /* View */ = {
			isa = PBXGroup;
			children = (
				53D99D89289ABD6D002755A4 /* MainScreen.storyboard */,
			);
			path = View;
			sourceTree = "<group>";
		};
		533630B828AE7F4700DB692C /* Model */ = {
			isa = PBXGroup;
			children = (
				533D1D0828B8ECBF00217919 /* MenuData.swift */,
			);
			path = Model;
			sourceTree = "<group>";
		};
		5340FEDF28BF7DEC001F967D /* ParseUser */ = {
			isa = PBXGroup;
			children = (
				5340FEE028BF7E0A001F967D /* ParseUserData.swift */,
			);
			path = ParseUser;
			sourceTree = "<group>";
		};
		5340FEEE28BFA3DA001F967D /* UserProfile */ = {
			isa = PBXGroup;
			children = (
				5340FEF128BFA428001F967D /* Model */,
				5340FEF028BFA422001F967D /* View */,
				5340FEEF28BFA418001F967D /* Controller */,
			);
			path = UserProfile;
			sourceTree = "<group>";
		};
		5340FEEF28BFA418001F967D /* Controller */ = {
			isa = PBXGroup;
			children = (
				5340FEF528BFA4C9001F967D /* UserProfileViewController.swift */,
				533D44E428C0CC4500AF6619 /* UserProfileTableViewCell.swift */,
				533FEB1128C215BA00FE88FC /* UserProfileStringExtensions.swift */,
			);
			path = Controller;
			sourceTree = "<group>";
		};
		5340FEF028BFA422001F967D /* View */ = {
			isa = PBXGroup;
			children = (
				5340FEFB28BFC5D4001F967D /* ProfileScreen.storyboard */,
			);
			path = View;
			sourceTree = "<group>";
		};
		5340FEF128BFA428001F967D /* Model */ = {
			isa = PBXGroup;
			children = (
			);
			path = Model;
			sourceTree = "<group>";
		};
		5347F56328B7869700995448 /* Realm */ = {
			isa = PBXGroup;
			children = (
				5347F56428B786CB00995448 /* MenuRealmModel.swift */,
			);
			path = Realm;
			sourceTree = "<group>";
		};
		5347F56728B79BCD00995448 /* Cart */ = {
			isa = PBXGroup;
			children = (
				5347F56A28B79BEE00995448 /* Model */,
				5347F56928B79BE600995448 /* View */,
				5347F56828B79BD500995448 /* Controller */,
			);
			path = Cart;
			sourceTree = "<group>";
		};
		5347F56828B79BD500995448 /* Controller */ = {
			isa = PBXGroup;
			children = (
				5347F57628B7B8FA00995448 /* CartTableViewCell.swift */,
				5347F57028B79EE500995448 /* CartViewController.swift */,
				534CBD6A28BCDEBA001D1004 /* CartCellDelegateProtocol.swift */,
			);
			path = Controller;
			sourceTree = "<group>";
		};
		5347F56928B79BE600995448 /* View */ = {
			isa = PBXGroup;
			children = (
				5339A9A028BE24A90079DD3D /* Cart.storyboard */,
			);
			path = View;
			sourceTree = "<group>";
		};
		5347F56A28B79BEE00995448 /* Model */ = {
			isa = PBXGroup;
			children = (
			);
			path = Model;
			sourceTree = "<group>";
		};
		53D99D77289ABD6D002755A4 = {
			isa = PBXGroup;
			children = (
				53D99D82289ABD6D002755A4 /* Final-Project-by-Uladzslau-Kohan */,
				53D99D81289ABD6D002755A4 /* Products */,
				0097CAF1E724AD83CC867995 /* Pods */,
				75F64B00045F1C365C80B4CC /* Frameworks */,
			);
			sourceTree = "<group>";
		};
		53D99D81289ABD6D002755A4 /* Products */ = {
			isa = PBXGroup;
			children = (
				53D99D80289ABD6D002755A4 /* Final-Project-by-Uladzslau-Kohan.app */,
			);
			name = Products;
			sourceTree = "<group>";
		};
		53D99D82289ABD6D002755A4 /* Final-Project-by-Uladzslau-Kohan */ = {
			isa = PBXGroup;
			children = (
				533630AB28AE766500DB692C /* Application */,
				533630B428AE7F0400DB692C /* Screens */,
				5340FEDF28BF7DEC001F967D /* ParseUser */,
				5347F56328B7869700995448 /* Realm */,
				533630AF28AE76A100DB692C /* Supporting Files */,
			);
			path = "Final-Project-by-Uladzslau-Kohan";
			sourceTree = "<group>";
		};
		75F64B00045F1C365C80B4CC /* Frameworks */ = {
			isa = PBXGroup;
			children = (
				540ABA2FF314FEF7079C652F /* Pods_Final_Project_by_Uladzslau_Kohan.framework */,
			);
			name = Frameworks;
			sourceTree = "<group>";
		};
/* End PBXGroup section */

/* Begin PBXNativeTarget section */
		53D99D7F289ABD6D002755A4 /* Final-Project-by-Uladzslau-Kohan */ = {
			isa = PBXNativeTarget;
			buildConfigurationList = 53D99D94289ABD6F002755A4 /* Build configuration list for PBXNativeTarget "Final-Project-by-Uladzslau-Kohan" */;
			buildPhases = (
				D2473BA12EFCDF3D41E65437 /* [CP] Check Pods Manifest.lock */,
				53D99D7C289ABD6D002755A4 /* Sources */,
				53D99D7D289ABD6D002755A4 /* Frameworks */,
				53D99D7E289ABD6D002755A4 /* Resources */,
				533630A928AE754700DB692C /* Swiftlint Run Script */,
				1D0834301C137BD930F159DE /* [CP] Embed Pods Frameworks */,
			);
			buildRules = (
			);
			dependencies = (
			);
			name = "Final-Project-by-Uladzslau-Kohan";
			productName = "Final-Project-by-Uladzslau-Kohan";
			productReference = 53D99D80289ABD6D002755A4 /* Final-Project-by-Uladzslau-Kohan.app */;
			productType = "com.apple.product-type.application";
		};
/* End PBXNativeTarget section */

/* Begin PBXProject section */
		53D99D78289ABD6D002755A4 /* Project object */ = {
			isa = PBXProject;
			attributes = {
				LastSwiftUpdateCheck = 1240;
				LastUpgradeCheck = 1240;
				TargetAttributes = {
					53D99D7F289ABD6D002755A4 = {
						CreatedOnToolsVersion = 12.4;
					};
				};
			};
			buildConfigurationList = 53D99D7B289ABD6D002755A4 /* Build configuration list for PBXProject "Final-Project-by-Uladzslau-Kohan" */;
			compatibilityVersion = "Xcode 9.3";
			developmentRegion = en;
			hasScannedForEncodings = 0;
			knownRegions = (
				en,
				Base,
				ru,
			);
			mainGroup = 53D99D77289ABD6D002755A4;
			productRefGroup = 53D99D81289ABD6D002755A4 /* Products */;
			projectDirPath = "";
			projectRoot = "";
			targets = (
				53D99D7F289ABD6D002755A4 /* Final-Project-by-Uladzslau-Kohan */,
			);
		};
/* End PBXProject section */

/* Begin PBXResourcesBuildPhase section */
		53D99D7E289ABD6D002755A4 /* Resources */ = {
			isa = PBXResourcesBuildPhase;
			buildActionMask = 2147483647;
			files = (
				5340FEF928BFC5D4001F967D /* ProfileScreen.storyboard in Resources */,
				53D99D90289ABD6F002755A4 /* LaunchScreen.storyboard in Resources */,
				53D99D8D289ABD6F002755A4 /* Assets.xcassets in Resources */,
				5339A99128BE20D80079DD3D /* Localizable.strings in Resources */,
				53D99D8B289ABD6D002755A4 /* MainScreen.storyboard in Resources */,
				5339A99E28BE24A90079DD3D /* Cart.storyboard in Resources */,
			);
			runOnlyForDeploymentPostprocessing = 0;
		};
/* End PBXResourcesBuildPhase section */

/* Begin PBXShellScriptBuildPhase section */
		1D0834301C137BD930F159DE /* [CP] Embed Pods Frameworks */ = {
			isa = PBXShellScriptBuildPhase;
			buildActionMask = 2147483647;
			files = (
			);
			inputFileListPaths = (
				"${PODS_ROOT}/Target Support Files/Pods-Final-Project-by-Uladzslau-Kohan/Pods-Final-Project-by-Uladzslau-Kohan-frameworks-${CONFIGURATION}-input-files.xcfilelist",
			);
			name = "[CP] Embed Pods Frameworks";
			outputFileListPaths = (
				"${PODS_ROOT}/Target Support Files/Pods-Final-Project-by-Uladzslau-Kohan/Pods-Final-Project-by-Uladzslau-Kohan-frameworks-${CONFIGURATION}-output-files.xcfilelist",
			);
			runOnlyForDeploymentPostprocessing = 0;
			shellPath = /bin/sh;
			shellScript = "\"${PODS_ROOT}/Target Support Files/Pods-Final-Project-by-Uladzslau-Kohan/Pods-Final-Project-by-Uladzslau-Kohan-frameworks.sh\"\n";
			showEnvVarsInLog = 0;
		};
		533630A928AE754700DB692C /* Swiftlint Run Script */ = {
			isa = PBXShellScriptBuildPhase;
			buildActionMask = 2147483647;
			files = (
			);
			inputFileListPaths = (
			);
			inputPaths = (
			);
			name = "Swiftlint Run Script";
			outputFileListPaths = (
			);
			outputPaths = (
			);
			runOnlyForDeploymentPostprocessing = 0;
			shellPath = /bin/sh;
			shellScript = "\"${PODS_ROOT}/SwiftLint/swiftlint\"\n\n";
		};
		D2473BA12EFCDF3D41E65437 /* [CP] Check Pods Manifest.lock */ = {
			isa = PBXShellScriptBuildPhase;
			buildActionMask = 2147483647;
			files = (
			);
			inputFileListPaths = (
			);
			inputPaths = (
				"${PODS_PODFILE_DIR_PATH}/Podfile.lock",
				"${PODS_ROOT}/Manifest.lock",
			);
			name = "[CP] Check Pods Manifest.lock";
			outputFileListPaths = (
			);
			outputPaths = (
				"$(DERIVED_FILE_DIR)/Pods-Final-Project-by-Uladzslau-Kohan-checkManifestLockResult.txt",
			);
			runOnlyForDeploymentPostprocessing = 0;
			shellPath = /bin/sh;
			shellScript = "diff \"${PODS_PODFILE_DIR_PATH}/Podfile.lock\" \"${PODS_ROOT}/Manifest.lock\" > /dev/null\nif [ $? != 0 ] ; then\n    # print error to STDERR\n    echo \"error: The sandbox is not in sync with the Podfile.lock. Run 'pod install' or update your CocoaPods installation.\" >&2\n    exit 1\nfi\n# This output is used by Xcode 'outputs' to avoid re-running this script phase.\necho \"SUCCESS\" > \"${SCRIPT_OUTPUT_FILE_0}\"\n";
			showEnvVarsInLog = 0;
		};
/* End PBXShellScriptBuildPhase section */

/* Begin PBXSourcesBuildPhase section */
		53D99D7C289ABD6D002755A4 /* Sources */ = {
			isa = PBXSourcesBuildPhase;
			buildActionMask = 2147483647;
			files = (
				53E9ED3028BE653E0028EEAA /* MainAlerts.swift in Sources */,
				5340FEF628BFA4C9001F967D /* UserProfileViewController.swift in Sources */,
				533D44E528C0CC4500AF6619 /* UserProfileTableViewCell.swift in Sources */,
				53D99D88289ABD6D002755A4 /* MainScreenController.swift in Sources */,
				5339A9C128BE322A0079DD3D /* MainScreenCellDelegateProtocol.swift in Sources */,
				5344CE1C28B64F200079C8F7 /* MainScreenCollectionViewCell.swift in Sources */,
				5340FEDD28BF7AF4001F967D /* ParseKeys.swift in Sources */,
				53D99D84289ABD6D002755A4 /* AppDelegate.swift in Sources */,
				5347F57128B79EE500995448 /* CartViewController.swift in Sources */,
				5347F57728B7B8FA00995448 /* CartTableViewCell.swift in Sources */,
				53D99D86289ABD6D002755A4 /* SceneDelegate.swift in Sources */,
				533FEB1228C215BA00FE88FC /* UserProfileStringExtensions.swift in Sources */,
				53E9ED2528BE4B3F0028EEAA /* MainModalInfoViewController.swift in Sources */,
				5347F56528B786CB00995448 /* MenuRealmModel.swift in Sources */,
				533D1D0928B8ECBF00217919 /* MenuData.swift in Sources */,
				534CBD6B28BCDEBA001D1004 /* CartCellDelegateProtocol.swift in Sources */,
				531C999A28B4EDC00039C9A0 /* CustomButton.swift in Sources */,
				5340FEE128BF7E0A001F967D /* ParseUserData.swift in Sources */,
			);
			runOnlyForDeploymentPostprocessing = 0;
		};
/* End PBXSourcesBuildPhase section */

/* Begin PBXVariantGroup section */
		5339A99328BE20D80079DD3D /* Localizable.strings */ = {
			isa = PBXVariantGroup;
			children = (
				5339A99228BE20D80079DD3D /* ru */,
				5339A99428BE20DC0079DD3D /* en */,
			);
			name = Localizable.strings;
			sourceTree = "<group>";
		};
		5339A9A028BE24A90079DD3D /* Cart.storyboard */ = {
			isa = PBXVariantGroup;
			children = (
				5339A99F28BE24A90079DD3D /* Base */,
				5339A9A228BE24B30079DD3D /* en */,
				5339A9A428BE24E60079DD3D /* ru */,
			);
			name = Cart.storyboard;
			sourceTree = "<group>";
		};
		5340FEFB28BFC5D4001F967D /* ProfileScreen.storyboard */ = {
			isa = PBXVariantGroup;
			children = (
				5340FEFA28BFC5D4001F967D /* Base */,
				5340FEFD28BFC5DA001F967D /* en */,
				5340FEFF28BFC60A001F967D /* ru */,
			);
			name = ProfileScreen.storyboard;
			sourceTree = "<group>";
		};
		53D99D89289ABD6D002755A4 /* MainScreen.storyboard */ = {
			isa = PBXVariantGroup;
			children = (
				53D99D8A289ABD6D002755A4 /* Base */,
				5339A98C28BE208D0079DD3D /* ru */,
			);
			name = MainScreen.storyboard;
			sourceTree = "<group>";
		};
		53D99D8E289ABD6F002755A4 /* LaunchScreen.storyboard */ = {
			isa = PBXVariantGroup;
			children = (
				53D99D8F289ABD6F002755A4 /* Base */,
				5339A98B28BE208C0079DD3D /* ru */,
			);
			name = LaunchScreen.storyboard;
			sourceTree = "<group>";
		};
/* End PBXVariantGroup section */

/* Begin XCBuildConfiguration section */
		53D99D92289ABD6F002755A4 /* Debug */ = {
			isa = XCBuildConfiguration;
			buildSettings = {
				ALWAYS_SEARCH_USER_PATHS = NO;
				CLANG_ANALYZER_LOCALIZABILITY_NONLOCALIZED = YES;
				CLANG_ANALYZER_NONNULL = YES;
				CLANG_ANALYZER_NUMBER_OBJECT_CONVERSION = YES_AGGRESSIVE;
				CLANG_CXX_LANGUAGE_STANDARD = "gnu++14";
				CLANG_CXX_LIBRARY = "libc++";
				CLANG_ENABLE_MODULES = YES;
				CLANG_ENABLE_OBJC_ARC = YES;
				CLANG_ENABLE_OBJC_WEAK = YES;
				CLANG_WARN_BLOCK_CAPTURE_AUTORELEASING = YES;
				CLANG_WARN_BOOL_CONVERSION = YES;
				CLANG_WARN_COMMA = YES;
				CLANG_WARN_CONSTANT_CONVERSION = YES;
				CLANG_WARN_DEPRECATED_OBJC_IMPLEMENTATIONS = YES;
				CLANG_WARN_DIRECT_OBJC_ISA_USAGE = YES_ERROR;
				CLANG_WARN_DOCUMENTATION_COMMENTS = YES;
				CLANG_WARN_EMPTY_BODY = YES;
				CLANG_WARN_ENUM_CONVERSION = YES;
				CLANG_WARN_INFINITE_RECURSION = YES;
				CLANG_WARN_INT_CONVERSION = YES;
				CLANG_WARN_NON_LITERAL_NULL_CONVERSION = YES;
				CLANG_WARN_OBJC_IMPLICIT_RETAIN_SELF = YES;
				CLANG_WARN_OBJC_LITERAL_CONVERSION = YES;
				CLANG_WARN_OBJC_ROOT_CLASS = YES_ERROR;
				CLANG_WARN_QUOTED_INCLUDE_IN_FRAMEWORK_HEADER = YES;
				CLANG_WARN_RANGE_LOOP_ANALYSIS = YES;
				CLANG_WARN_STRICT_PROTOTYPES = YES;
				CLANG_WARN_SUSPICIOUS_MOVE = YES;
				CLANG_WARN_UNGUARDED_AVAILABILITY = YES_AGGRESSIVE;
				CLANG_WARN_UNREACHABLE_CODE = YES;
				CLANG_WARN__DUPLICATE_METHOD_MATCH = YES;
				COPY_PHASE_STRIP = NO;
				DEBUG_INFORMATION_FORMAT = dwarf;
				ENABLE_STRICT_OBJC_MSGSEND = YES;
				ENABLE_TESTABILITY = YES;
				GCC_C_LANGUAGE_STANDARD = gnu11;
				GCC_DYNAMIC_NO_PIC = NO;
				GCC_NO_COMMON_BLOCKS = YES;
				GCC_OPTIMIZATION_LEVEL = 0;
				GCC_PREPROCESSOR_DEFINITIONS = (
					"DEBUG=1",
					"$(inherited)",
				);
				GCC_WARN_64_TO_32_BIT_CONVERSION = YES;
				GCC_WARN_ABOUT_RETURN_TYPE = YES_ERROR;
				GCC_WARN_UNDECLARED_SELECTOR = YES;
				GCC_WARN_UNINITIALIZED_AUTOS = YES_AGGRESSIVE;
				GCC_WARN_UNUSED_FUNCTION = YES;
				GCC_WARN_UNUSED_VARIABLE = YES;
				IPHONEOS_DEPLOYMENT_TARGET = 14.4;
				MTL_ENABLE_DEBUG_INFO = INCLUDE_SOURCE;
				MTL_FAST_MATH = YES;
				ONLY_ACTIVE_ARCH = YES;
				SDKROOT = iphoneos;
				SWIFT_ACTIVE_COMPILATION_CONDITIONS = DEBUG;
				SWIFT_OPTIMIZATION_LEVEL = "-Onone";
			};
			name = Debug;
		};
		53D99D93289ABD6F002755A4 /* Release */ = {
			isa = XCBuildConfiguration;
			buildSettings = {
				ALWAYS_SEARCH_USER_PATHS = NO;
				CLANG_ANALYZER_LOCALIZABILITY_NONLOCALIZED = YES;
				CLANG_ANALYZER_NONNULL = YES;
				CLANG_ANALYZER_NUMBER_OBJECT_CONVERSION = YES_AGGRESSIVE;
				CLANG_CXX_LANGUAGE_STANDARD = "gnu++14";
				CLANG_CXX_LIBRARY = "libc++";
				CLANG_ENABLE_MODULES = YES;
				CLANG_ENABLE_OBJC_ARC = YES;
				CLANG_ENABLE_OBJC_WEAK = YES;
				CLANG_WARN_BLOCK_CAPTURE_AUTORELEASING = YES;
				CLANG_WARN_BOOL_CONVERSION = YES;
				CLANG_WARN_COMMA = YES;
				CLANG_WARN_CONSTANT_CONVERSION = YES;
				CLANG_WARN_DEPRECATED_OBJC_IMPLEMENTATIONS = YES;
				CLANG_WARN_DIRECT_OBJC_ISA_USAGE = YES_ERROR;
				CLANG_WARN_DOCUMENTATION_COMMENTS = YES;
				CLANG_WARN_EMPTY_BODY = YES;
				CLANG_WARN_ENUM_CONVERSION = YES;
				CLANG_WARN_INFINITE_RECURSION = YES;
				CLANG_WARN_INT_CONVERSION = YES;
				CLANG_WARN_NON_LITERAL_NULL_CONVERSION = YES;
				CLANG_WARN_OBJC_IMPLICIT_RETAIN_SELF = YES;
				CLANG_WARN_OBJC_LITERAL_CONVERSION = YES;
				CLANG_WARN_OBJC_ROOT_CLASS = YES_ERROR;
				CLANG_WARN_QUOTED_INCLUDE_IN_FRAMEWORK_HEADER = YES;
				CLANG_WARN_RANGE_LOOP_ANALYSIS = YES;
				CLANG_WARN_STRICT_PROTOTYPES = YES;
				CLANG_WARN_SUSPICIOUS_MOVE = YES;
				CLANG_WARN_UNGUARDED_AVAILABILITY = YES_AGGRESSIVE;
				CLANG_WARN_UNREACHABLE_CODE = YES;
				CLANG_WARN__DUPLICATE_METHOD_MATCH = YES;
				COPY_PHASE_STRIP = NO;
				DEBUG_INFORMATION_FORMAT = "dwarf-with-dsym";
				ENABLE_NS_ASSERTIONS = NO;
				ENABLE_STRICT_OBJC_MSGSEND = YES;
				GCC_C_LANGUAGE_STANDARD = gnu11;
				GCC_NO_COMMON_BLOCKS = YES;
				GCC_WARN_64_TO_32_BIT_CONVERSION = YES;
				GCC_WARN_ABOUT_RETURN_TYPE = YES_ERROR;
				GCC_WARN_UNDECLARED_SELECTOR = YES;
				GCC_WARN_UNINITIALIZED_AUTOS = YES_AGGRESSIVE;
				GCC_WARN_UNUSED_FUNCTION = YES;
				GCC_WARN_UNUSED_VARIABLE = YES;
				IPHONEOS_DEPLOYMENT_TARGET = 14.4;
				MTL_ENABLE_DEBUG_INFO = NO;
				MTL_FAST_MATH = YES;
				SDKROOT = iphoneos;
				SWIFT_COMPILATION_MODE = wholemodule;
				SWIFT_OPTIMIZATION_LEVEL = "-O";
				VALIDATE_PRODUCT = YES;
			};
			name = Release;
		};
		53D99D95289ABD6F002755A4 /* Debug */ = {
			isa = XCBuildConfiguration;
			baseConfigurationReference = 8B4FD4E0D730AA577B92BD60 /* Pods-Final-Project-by-Uladzslau-Kohan.debug.xcconfig */;
			buildSettings = {
				ASSETCATALOG_COMPILER_APPICON_NAME = AppIcon;
				ASSETCATALOG_COMPILER_GLOBAL_ACCENT_COLOR_NAME = AccentColor;
				CODE_SIGN_STYLE = Automatic;
				INFOPLIST_FILE = "Final-Project-by-Uladzslau-Kohan/Supporting Files/Info.plist";
				LD_RUNPATH_SEARCH_PATHS = (
					"$(inherited)",
					"@executable_path/Frameworks",
				);
				PRODUCT_BUNDLE_IDENTIFIER = "com.vironit.Kohan.Final-Project-by-Uladzslau-Kohan";
				PRODUCT_NAME = "$(TARGET_NAME)";
				SWIFT_VERSION = 5.0;
				TARGETED_DEVICE_FAMILY = 1;
			};
			name = Debug;
		};
		53D99D96289ABD6F002755A4 /* Release */ = {
			isa = XCBuildConfiguration;
			baseConfigurationReference = 6CF685E048CBF5C7B2BDC39E /* Pods-Final-Project-by-Uladzslau-Kohan.release.xcconfig */;
			buildSettings = {
				ASSETCATALOG_COMPILER_APPICON_NAME = AppIcon;
				ASSETCATALOG_COMPILER_GLOBAL_ACCENT_COLOR_NAME = AccentColor;
				CODE_SIGN_STYLE = Automatic;
				INFOPLIST_FILE = "Final-Project-by-Uladzslau-Kohan/Supporting Files/Info.plist";
				LD_RUNPATH_SEARCH_PATHS = (
					"$(inherited)",
					"@executable_path/Frameworks",
				);
				PRODUCT_BUNDLE_IDENTIFIER = "com.vironit.Kohan.Final-Project-by-Uladzslau-Kohan";
				PRODUCT_NAME = "$(TARGET_NAME)";
				SWIFT_VERSION = 5.0;
				TARGETED_DEVICE_FAMILY = 1;
			};
			name = Release;
		};
/* End XCBuildConfiguration section */

/* Begin XCConfigurationList section */
		53D99D7B289ABD6D002755A4 /* Build configuration list for PBXProject "Final-Project-by-Uladzslau-Kohan" */ = {
			isa = XCConfigurationList;
			buildConfigurations = (
				53D99D92289ABD6F002755A4 /* Debug */,
				53D99D93289ABD6F002755A4 /* Release */,
			);
			defaultConfigurationIsVisible = 0;
			defaultConfigurationName = Release;
		};
		53D99D94289ABD6F002755A4 /* Build configuration list for PBXNativeTarget "Final-Project-by-Uladzslau-Kohan" */ = {
			isa = XCConfigurationList;
			buildConfigurations = (
				53D99D95289ABD6F002755A4 /* Debug */,
				53D99D96289ABD6F002755A4 /* Release */,
			);
			defaultConfigurationIsVisible = 0;
			defaultConfigurationName = Release;
		};
/* End XCConfigurationList section */
	};
	rootObject = 53D99D78289ABD6D002755A4 /* Project object */;
}
